{
    "version": 3,
    "terraform_version": "0.11.12",
    "serial": 2,
    "lineage": "2a246239-0fda-d470-a532-72ca1555dbf2",
    "modules": [
        {
            "path": [
                "root"
            ],
            "outputs": {},
            "resources": {
                "google_container_cluster.primary": {
                    "type": "google_container_cluster",
                    "depends_on": [],
                    "primary": {
                        "id": "kubernetes-cluster",
                        "attributes": {
                            "additional_zones.#": "0",
                            "addons_config.#": "1",
                            "addons_config.0.horizontal_pod_autoscaling.#": "0",
                            "addons_config.0.http_load_balancing.#": "0",
                            "addons_config.0.kubernetes_dashboard.#": "1",
                            "addons_config.0.kubernetes_dashboard.0.disabled": "true",
                            "addons_config.0.network_policy_config.#": "1",
                            "addons_config.0.network_policy_config.0.disabled": "true",
                            "cluster_autoscaling.#": "0",
                            "cluster_ipv4_cidr": "10.24.0.0/14",
                            "description": "",
                            "enable_kubernetes_alpha": "false",
                            "enable_legacy_abac": "false",
                            "endpoint": "35.228.19.93",
                            "id": "kubernetes-cluster",
                            "initial_node_count": "3",
                            "instance_group_urls.#": "1",
                            "instance_group_urls.0": "https://www.googleapis.com/compute/v1/projects/myproject68/zones/europe-north1-b/instanceGroups/gke-kubernetes-cluster-default-pool-a2e37811-grp",
                            "ip_allocation_policy.#": "0",
                            "logging_service": "logging.googleapis.com",
                            "maintenance_policy.#": "0",
                            "master_auth.#": "1",
                            "master_auth.0.client_certificate": "LS0tLS1CRUdJTiBDRVJUSUZJQ0FURS0tLS0tCk1JSUMyakNDQWNLZ0F3SUJBZ0lRSW83aWc0Y21wMTZoZUhMbm5jcEIrREFOQmdrcWhraUc5dzBCQVFzRkFEQXYKTVMwd0t3WURWUVFERXlRelpUaG1OMlU0TUMwNE1UTXhMVFJsWVdJdFlXRmtOUzA0WVdGak5ESTJOV0ZtTXpndwpIaGNOTVRrd016SXdNRGd6TlRFMFdoY05NalF3TXpFNE1EZ3pOVEUwV2pBUk1ROHdEUVlEVlFRREV3WmpiR2xsCmJuUXdnZ0VpTUEwR0NTcUdTSWIzRFFFQkFRVUFBNElCRHdBd2dnRUtBb0lCQVFDb1dMWXZzbWlMdlRkdFNpQkQKVlVGUExnaUM4L0RRYjFvRUl5cVFrRlZrNU02dzV0dzQ4enNnVWFPY1Iva3FYa3VnNGRpQ0tMWHdtekVERko2bgphNDF6OXdlK091cUxYMWtiV0J3a3lKV0ptcktBOEN0d0E2WUJNN1BNcjZVd2Y3ZzVnUEpLRVM4U0dtSExxa3JMCnVvMnZNOHlSMjAyeWJNdUppSW9IYWJtcER1OVU4dm4wdFphbnZ0S0NrUXhuNHJURFY3bkRlVGkvdlorcUQwblUKTWVmSU1JSFUzN0RTQ3VodGlHWDdUd0gzRy8zZE9Lcm1iWmxxbk1RcU5uYytINEtTU2xGUENCOHVGMHVGWVJ0TgpPWnZ2K0wrcXZhS2JxNi8xWDRPWmFMa0QwNkNOa2N6WkF1Rnl0UFV5MkVQcVg0V1pNSkEwblV3a2hRdWp6L0F2Cmo0SFhBZ01CQUFHakVEQU9NQXdHQTFVZEV3RUIvd1FDTUFBd0RRWUpLb1pJaHZjTkFRRUxCUUFEZ2dFQkFDODgKeWZaWmtSTGd6NmtwWGxkaXdWNzdSRWs0eVoyV0tScGtMUFo3Z25WMVArQnE3dEhpa2dvTnBUa0l4Ukh5elpzYwpVcjcrSERNczE5R2ZPQmorbU1jNlBvQUJDWnVrNDNwelcxTFZKRkFSWEtMSS9OemVLY2VUaEorQXBLY2pncTFmClJ5SDJRYnBmNjRsVmM5TXFudFoyZWswcms3eTJpVzYzUDNvSTErL2gxTk1oWW1RcjV1MWJCUnJDRENITEJVNXoKSU5jOW1KVVoydWoydjN3Vk1YaUZKRG9FbHVMZ0syTGU4NC9yY0l0YkRJdzE1dnIxb3FRdktjNXN6QXNSdVJHYQptM3dIMTVraHZ5Y0dzMEVzR2xvL0ljamR5M290ZlNQV2RGYnc4YUw3TkxaVjRMV25PWWlUL3ExK3lBZ3NMUHFFCjROQ2RyV0UzZE9mcjVKU2FUL2c9Ci0tLS0tRU5EIENFUlRJRklDQVRFLS0tLS0K",
                            "master_auth.0.client_certificate_config.#": "0",
                            "master_auth.0.client_key": "LS0tLS1CRUdJTiBSU0EgUFJJVkFURSBLRVktLS0tLQpNSUlFb2dJQkFBS0NBUUVBcUZpMkw3Sm9pNzAzYlVvZ1ExVkJUeTRJZ3ZQdzBHOWFCQ01xa0pCVlpPVE9zT2JjCk9QTTdJRkdqbkVmNUtsNUxvT0hZZ2lpMThKc3hBeFNlcDJ1TmMvY0h2anJxaTE5WkcxZ2NKTWlWaVpxeWdQQXIKY0FPbUFUT3p6SytsTUgrNE9ZRHlTaEV2RWhwaHk2cEt5N3FOcnpQTWtkdE5zbXpMaVlpS0IybTVxUTd2VlBMNQo5TFdXcDc3U2dwRU1aK0swdzFlNXczazR2NzJmcWc5SjFESG55RENCMU4rdzBncm9iWWhsKzA4Qjl4djkzVGlxCjVtMlphcHpFS2paM1BoK0Nra3BSVHdnZkxoZExoV0ViVFRtYjcvaS9xcjJpbTZ1djlWK0RtV2k1QTlPZ2paSE0KMlFMaGNyVDFNdGhENmwrRm1UQ1FOSjFNSklVTG84L3dMNCtCMXdJREFRQUJBb0lCQUVtRzlZdS9rSW40Q3MxaApJdFpGMWxDTytvaTNvdVptdkJveWdkVENOWW5ycFpyK09oRmxxdDFpeXVMblRKeUVzdU9Cd042WWlWNmRhYnErCnRzekkzTzlaWmJoZ1l6Q2NaSDdjN08zajdldzc5TnI4Q3Z6Um14L0xSU3lSU3NUMEE3S1o3emtLYUZTdjBTYnoKS2RmeGt4Q0N2MGExVWlvcitub0hlTUhrRzRNS25ZV3JtTFoyeTM0Skx0OGFvQmkwdjBaZmtrT09qRmppWGVSZQpjZnloOGJXK0VhU2E4MXlXRGhWZWUrR0diNUFVQlZPREVoZEM3bU1JYkROaGdYYVBCWmQ1b1J2cWluTi9XeDdsCnFDQlRXcExDUHBGViswVC9VaGR3aGxkTkV6RE5uNTV0Z1h1TjFRemRya2dvUTlCZkRiMkFJT2ZXaU9KNHUwci8Ka3QvRkFZRUNnWUVBejhtN2NTRmFCK1JUNHVhVjg2RytDQlBMRjZEdlNQWmxzYVl4ckx2NW1acEgrU3RuSUdhWQpWNmRUWmladWNwNE8xYWI2N0JEaWdhdytRckpRbjRIajdvTUJUMDBYdUNDZGdqUmw3b0VjY09Jd3cyOFlDQ2oxCkVOTVN4YXlIT1lRM0VSS1R6dFlXNE56SDZhRE41Uk5GMzcwNmt6LzRVdThPZjhwOTI3UjhrS01DZ1lFQXoyZzQKUTdFRTB0V01sMk02eUM1R094eFFLMVl3Z0lpczNsdDVQdnNpMncrUzVWMWZ2TFpZa2RFYzhxcWtsN3Q0U2NXeApMS1BZQnp2eWVYNFNUVzZHNGJQL0Y5b04wdEp1b3lBSS9oZ2pncE1JWGUrZk1iOElSRFVGcEliM0o2ZjFJakNiCml1RnhnWkF0ZTJ0OUs0ak05d2FmYmNtbUhKM0VIK3V1MDJDc2VUMENnWUI3aUxEeTBtUkhPdDBRa2d4bWV5dVMKZThvTHN6ZHZ4bVd4VjJCREZNS1JLcU5OcFJzN3JTTTNRWmlZcTVLUWZCM1BzZVdPUVgrWW5vR3BmMy9sUlFEeApCVnZhL0xkMFZaZXZHRjNkalU4T1lidWlCVU5oWHBCTVAyRHl1dDd1T0FmUkU1MWlvKytZSWtxTVFIa0lqd3ZFCnVDakI4STgvSnpjVWpKdUU2bW9BUndLQmdDRU1uMktSODQzUS8zMGtEN3JVUE5hd2RVbmlpd29BUFdPVk9lWEMKU05TVlQ3Z0N2LzJuSk1mZmhYaFpucTZhN2RqN2luYnRpTC9tV29YbmcrMFl2cDk2ZWh5SDM0b0hoQiswUEJxWgpLQmRuYkg3amJ2K1RURExxTEFNQ2lxR2tEdGlxM0M0dUxGTVQ4VnRvVG1MQWdzQ2VLb3RwQlhJcjVaT2NqNWdaCklJS1ZBb0dBSWpyL1JCMTJmMElDV2V5d3BFM3ZTWkU0ZHhmVEtVRFo2Z2VWa1AvWG9MWmlQYjVZR1ZqMDBqWEEKcW13cDNPRUc4Y2lLQ0dkMkdOaEY1bDVsVUNtTG1XUVR6UHFVSCsrMENveTBXTG5SSCs3dGp5RkhyNlRXMjBHbgpzblZhOGk0RGVXL3M5MjlMMXI4UXZyT2JCc2M0Umw3MTFpOWFqbG9CcHozVmg2N01BU2M9Ci0tLS0tRU5EIFJTQSBQUklWQVRFIEtFWS0tLS0tCg==",
                            "master_auth.0.cluster_ca_certificate": "LS0tLS1CRUdJTiBDRVJUSUZJQ0FURS0tLS0tCk1JSURERENDQWZTZ0F3SUJBZ0lSQUw0alBkeW9KKy9sNzdGbDNlSEVLaG93RFFZSktvWklodmNOQVFFTEJRQXcKTHpFdE1Dc0dBMVVFQXhNa00yVTRaamRsT0RBdE9ERXpNUzAwWldGaUxXRmhaRFV0T0dGaFl6UXlOalZoWmpNNApNQjRYRFRFNU1ETXlNREEzTXpVeE5Gb1hEVEkwTURNeE9EQTRNelV4TkZvd0x6RXRNQ3NHQTFVRUF4TWtNMlU0ClpqZGxPREF0T0RFek1TMDBaV0ZpTFdGaFpEVXRPR0ZoWXpReU5qVmhaak00TUlJQklqQU5CZ2txaGtpRzl3MEIKQVFFRkFBT0NBUThBTUlJQkNnS0NBUUVBazdZY2RIZTdHZEJBUmxDU0dWam9GRkM1TGJyek0rNUVXNDhTOElWcgpmTTJURW9qNzNNQTA1Und4eUFycThsM2JIZS9aNWZRMU5pZFRCZjBsQnlNZlRCOVVOeWhvZHZkKzFtU0tXM1htCnpJdFJ6S25rallld3lpcEFJVWx0WkhPRVpHWkxkSzgvaW5JNUQxRm9CZEF3SmlHN0M2ZitrK3JKUE9HNVhUK3UKYlhEOVJpeXFFVmdORXZDWFQyUkJTYUNZZkZWVG5tRmdCMWtmTVRmeFdWRGEyVXNLdGlzVEE0eWJ3bEVTSjZQVgpURkRUcHRTazMyRlF1eGZGVWRlR1FiQVhYcDBqOXlFTWc1aHFwVDQ1cHQ2Y3QxazZzS2VpdHYzWGRLM1pWeWFTCkE0Qk4ycU5PNW1QZHh3N0dLb09sMVJaL24rRXJmcUIxaW5xbVMvakxudWs5L3dJREFRQUJveU13SVRBT0JnTlYKSFE4QkFmOEVCQU1DQWdRd0R3WURWUjBUQVFIL0JBVXdBd0VCL3pBTkJna3Foa2lHOXcwQkFRc0ZBQU9DQVFFQQpQNWhqMml2Q2Ruc2lsMmRCaW5rbGJCOHlQZnhLM3RUNVM0KzNvamJxSVNRbnc0U2dRRktMTEJiYUlVa05wdlI3CmIwZ3ZLRWZUQlR0WDh3ckpONDYwM3VCbk5zZi80R0FUdU9KOXk0enZQbFpOT25FVWJPWmx3QzNaUFRCL3pKbmEKZmd3clhuWWJTUWhhYWgydTNLcW5ZMklQMTJtWUIrOVRabmN6S01Cb2g5dHoyV0QydFdTNXVkYnRQazJnZjlvTQo4LzhqZE5sT01OSmdmc1YvdXRZbGRaMXBuRHZsVEhkYTYrOHZybVRPbmFPOTlFaHZReEl5WldLelBlVUxIYWp2ClR4aDluNFNKei90ZWtCaWRUdUVrWHh4QjVOK3pEc1J5NHdCTzhvdHVkVUtHV05LSW84TXBtck5icHNaelhGQlAKODBPM1M3MVdNb1ZFV1lYOVJtSkJ3Zz09Ci0tLS0tRU5EIENFUlRJRklDQVRFLS0tLS0K",
                            "master_auth.0.password": "34M7NkMPnkjTGBph",
                            "master_auth.0.username": "admin",
                            "master_authorized_networks_config.#": "0",
                            "master_version": "1.11.7-gke.4",
                            "monitoring_service": "monitoring.googleapis.com",
                            "name": "kubernetes-cluster",
                            "network": "projects/myproject68/global/networks/default",
                            "network_policy.#": "1",
                            "network_policy.0.enabled": "false",
                            "network_policy.0.provider": "PROVIDER_UNSPECIFIED",
                            "node_config.#": "1",
                            "node_config.0.disk_size_gb": "100",
                            "node_config.0.disk_type": "pd-standard",
                            "node_config.0.guest_accelerator.#": "0",
                            "node_config.0.image_type": "COS",
                            "node_config.0.labels.%": "0",
                            "node_config.0.local_ssd_count": "0",
                            "node_config.0.machine_type": "n1-standard-1",
                            "node_config.0.metadata.%": "0",
                            "node_config.0.min_cpu_platform": "",
                            "node_config.0.oauth_scopes.#": "6",
                            "node_config.0.oauth_scopes.1277378754": "https://www.googleapis.com/auth/monitoring",
                            "node_config.0.oauth_scopes.1632638332": "https://www.googleapis.com/auth/devstorage.read_only",
                            "node_config.0.oauth_scopes.172152165": "https://www.googleapis.com/auth/logging.write",
                            "node_config.0.oauth_scopes.316356861": "https://www.googleapis.com/auth/service.management.readonly",
                            "node_config.0.oauth_scopes.3663490875": "https://www.googleapis.com/auth/servicecontrol",
                            "node_config.0.oauth_scopes.3859019814": "https://www.googleapis.com/auth/trace.append",
                            "node_config.0.preemptible": "false",
                            "node_config.0.service_account": "default",
                            "node_config.0.tags.#": "0",
                            "node_config.0.taint.#": "0",
                            "node_config.0.workload_metadata_config.#": "0",
                            "node_pool.#": "1",
                            "node_pool.0.autoscaling.#": "0",
                            "node_pool.0.initial_node_count": "3",
                            "node_pool.0.instance_group_urls.#": "1",
                            "node_pool.0.instance_group_urls.0": "https://www.googleapis.com/compute/v1/projects/myproject68/zones/europe-north1-b/instanceGroupManagers/gke-kubernetes-cluster-default-pool-a2e37811-grp",
                            "node_pool.0.management.#": "1",
                            "node_pool.0.management.0.auto_repair": "false",
                            "node_pool.0.management.0.auto_upgrade": "false",
                            "node_pool.0.max_pods_per_node": "0",
                            "node_pool.0.name": "default-pool",
                            "node_pool.0.name_prefix": "",
                            "node_pool.0.node_config.#": "1",
                            "node_pool.0.node_config.0.disk_size_gb": "100",
                            "node_pool.0.node_config.0.disk_type": "pd-standard",
                            "node_pool.0.node_config.0.guest_accelerator.#": "0",
                            "node_pool.0.node_config.0.image_type": "COS",
                            "node_pool.0.node_config.0.labels.%": "0",
                            "node_pool.0.node_config.0.local_ssd_count": "0",
                            "node_pool.0.node_config.0.machine_type": "n1-standard-1",
                            "node_pool.0.node_config.0.metadata.%": "0",
                            "node_pool.0.node_config.0.min_cpu_platform": "",
                            "node_pool.0.node_config.0.oauth_scopes.#": "6",
                            "node_pool.0.node_config.0.oauth_scopes.1277378754": "https://www.googleapis.com/auth/monitoring",
                            "node_pool.0.node_config.0.oauth_scopes.1632638332": "https://www.googleapis.com/auth/devstorage.read_only",
                            "node_pool.0.node_config.0.oauth_scopes.172152165": "https://www.googleapis.com/auth/logging.write",
                            "node_pool.0.node_config.0.oauth_scopes.316356861": "https://www.googleapis.com/auth/service.management.readonly",
                            "node_pool.0.node_config.0.oauth_scopes.3663490875": "https://www.googleapis.com/auth/servicecontrol",
                            "node_pool.0.node_config.0.oauth_scopes.3859019814": "https://www.googleapis.com/auth/trace.append",
                            "node_pool.0.node_config.0.preemptible": "false",
                            "node_pool.0.node_config.0.service_account": "default",
                            "node_pool.0.node_config.0.tags.#": "0",
                            "node_pool.0.node_config.0.taint.#": "0",
                            "node_pool.0.node_config.0.workload_metadata_config.#": "0",
                            "node_pool.0.node_count": "3",
                            "node_pool.0.version": "1.11.7-gke.4",
                            "node_version": "1.11.7-gke.4",
                            "private_cluster_config.#": "0",
                            "project": "myproject68",
                            "resource_labels.%": "0",
                            "subnetwork": "projects/myproject68/regions/europe-north1/subnetworks/default",
                            "zone": "europe-north1-b"
                        },
                        "meta": {
                            "e2bfb730-ecaa-11e6-8f88-34363bc7c4c0": {
                                "create": 1800000000000,
                                "delete": 1800000000000,
                                "update": 1800000000000
                            },
                            "schema_version": "1"
                        },
                        "tainted": false
                    },
                    "deposed": [],
                    "provider": "provider.google"
                }
            },
            "depends_on": []
        }
    ]
}
